
Microsoft Visual Studio Solution File, Format Version 12.00
# Visual Studio Version 17
VisualStudioVersion = 17.12.35527.113 d17.12
MinimumVisualStudioVersion = 10.0.40219.1
Project("{FAE04EC0-301F-11D3-BF4B-00C04F79EFBC}") = "exam-project-wpf", "exam-project-wpf\exam-project-wpf.csproj", "{8D8A9728-AD9C-4BE3-9E12-00263DA0A17A}"
EndProject
Project("{FAE04EC0-301F-11D3-BF4B-00C04F79EFBC}") = "class-library-exam", "class-library-exam\class-library-exam.csproj", "{539D49FA-3A68-4177-A45E-87DE07A355C1}"
EndProject
Global
	GlobalSection(SolutionConfigurationPlatforms) = preSolution
		Debug|Any CPU = Debug|Any CPU
		Release|Any CPU = Release|Any CPU
	EndGlobalSection
	GlobalSection(ProjectConfigurationPlatforms) = postSolution
		{8D8A9728-AD9C-4BE3-9E12-00263DA0A17A}.Debug|Any CPU.ActiveCfg = Debug|Any CPU
		{8D8A9728-AD9C-4BE3-9E12-00263DA0A17A}.Debug|Any CPU.Build.0 = Debug|Any CPU
		{8D8A9728-AD9C-4BE3-9E12-00263DA0A17A}.Release|Any CPU.ActiveCfg = Release|Any CPU
		{8D8A9728-AD9C-4BE3-9E12-00263DA0A17A}.Release|Any CPU.Build.0 = Release|Any CPU
		{539D49FA-3A68-4177-A45E-87DE07A355C1}.Debug|Any CPU.ActiveCfg = Debug|Any CPU
		{539D49FA-3A68-4177-A45E-87DE07A355C1}.Debug|Any CPU.Build.0 = Debug|Any CPU
		{539D49FA-3A68-4177-A45E-87DE07A355C1}.Release|Any CPU.ActiveCfg = Release|Any CPU
		{539D49FA-3A68-4177-A45E-87DE07A355C1}.Release|Any CPU.Build.0 = Release|Any CPU
	EndGlobalSection
	GlobalSection(SolutionProperties) = preSolution
		HideSolutionNode = FALSE
	EndGlobalSection
EndGlobal
